
Microsoft Visual Studio Solution File, Format Version 12.00
# Visual Studio 15
VisualStudioVersion = 15.0.28307.136
MinimumVisualStudioVersion = 10.0.40219.1
Project("{FAE04EC0-301F-11D3-BF4B-00C04F79EFBC}") = "WaterWatchAuthentication", "WaterWatchAuthentication\WaterWatchAuthentication.csproj", "{53A634D6-75B1-42CA-B0ED-211D98AF84BE}"
EndProject
Project("{9A19103F-16F7-4668-BE54-9A1E7A4F7556}") = "WaterWatchXamarinApp", "..\WaterWatchXamarinApp\WaterWatchXamarinApp\WaterWatchXamarinApp.csproj", "{B73B2003-55BB-483E-B981-0C10B5761D25}"
EndProject
Project("{FAE04EC0-301F-11D3-BF4B-00C04F79EFBC}") = "WaterWatchXamarinApp.Android", "..\WaterWatchXamarinApp\WaterWatchXamarinApp.Android\WaterWatchXamarinApp.Android.csproj", "{5DCE658B-F97F-4DE9-A2F7-A10FD5536673}"
EndProject
Project("{FAE04EC0-301F-11D3-BF4B-00C04F79EFBC}") = "WaterWatchXamarinApp.UWP", "..\WaterWatchXamarinApp\WaterWatchXamarinApp.UWP\WaterWatchXamarinApp.UWP.csproj", "{35061DE6-9516-46FD-8E6D-9571D3CB8318}"
EndProject
Global
	GlobalSection(SolutionConfigurationPlatforms) = preSolution
		Debug|Any CPU = Debug|Any CPU
		Debug|ARM = Debug|ARM
		Debug|x64 = Debug|x64
		Debug|x86 = Debug|x86
		Release|Any CPU = Release|Any CPU
		Release|ARM = Release|ARM
		Release|x64 = Release|x64
		Release|x86 = Release|x86
	EndGlobalSection
	GlobalSection(ProjectConfigurationPlatforms) = postSolution
		{53A634D6-75B1-42CA-B0ED-211D98AF84BE}.Debug|Any CPU.ActiveCfg = Debug|Any CPU
		{53A634D6-75B1-42CA-B0ED-211D98AF84BE}.Debug|Any CPU.Build.0 = Debug|Any CPU
		{53A634D6-75B1-42CA-B0ED-211D98AF84BE}.Debug|ARM.ActiveCfg = Debug|Any CPU
		{53A634D6-75B1-42CA-B0ED-211D98AF84BE}.Debug|ARM.Build.0 = Debug|Any CPU
		{53A634D6-75B1-42CA-B0ED-211D98AF84BE}.Debug|x64.ActiveCfg = Debug|Any CPU
		{53A634D6-75B1-42CA-B0ED-211D98AF84BE}.Debug|x64.Build.0 = Debug|Any CPU
		{53A634D6-75B1-42CA-B0ED-211D98AF84BE}.Debug|x86.ActiveCfg = Debug|Any CPU
		{53A634D6-75B1-42CA-B0ED-211D98AF84BE}.Debug|x86.Build.0 = Debug|Any CPU
		{53A634D6-75B1-42CA-B0ED-211D98AF84BE}.Release|Any CPU.ActiveCfg = Release|Any CPU
		{53A634D6-75B1-42CA-B0ED-211D98AF84BE}.Release|Any CPU.Build.0 = Release|Any CPU
		{53A634D6-75B1-42CA-B0ED-211D98AF84BE}.Release|ARM.ActiveCfg = Release|Any CPU
		{53A634D6-75B1-42CA-B0ED-211D98AF84BE}.Release|ARM.Build.0 = Release|Any CPU
		{53A634D6-75B1-42CA-B0ED-211D98AF84BE}.Release|x64.ActiveCfg = Release|Any CPU
		{53A634D6-75B1-42CA-B0ED-211D98AF84BE}.Release|x64.Build.0 = Release|Any CPU
		{53A634D6-75B1-42CA-B0ED-211D98AF84BE}.Release|x86.ActiveCfg = Release|Any CPU
		{53A634D6-75B1-42CA-B0ED-211D98AF84BE}.Release|x86.Build.0 = Release|Any CPU
		{B73B2003-55BB-483E-B981-0C10B5761D25}.Debug|Any CPU.ActiveCfg = Debug|Any CPU
		{B73B2003-55BB-483E-B981-0C10B5761D25}.Debug|Any CPU.Build.0 = Debug|Any CPU
		{B73B2003-55BB-483E-B981-0C10B5761D25}.Debug|ARM.ActiveCfg = Debug|Any CPU
		{B73B2003-55BB-483E-B981-0C10B5761D25}.Debug|ARM.Build.0 = Debug|Any CPU
		{B73B2003-55BB-483E-B981-0C10B5761D25}.Debug|x64.ActiveCfg = Debug|Any CPU
		{B73B2003-55BB-483E-B981-0C10B5761D25}.Debug|x64.Build.0 = Debug|Any CPU
		{B73B2003-55BB-483E-B981-0C10B5761D25}.Debug|x86.ActiveCfg = Debug|Any CPU
		{B73B2003-55BB-483E-B981-0C10B5761D25}.Debug|x86.Build.0 = Debug|Any CPU
		{B73B2003-55BB-483E-B981-0C10B5761D25}.Release|Any CPU.ActiveCfg = Release|Any CPU
		{B73B2003-55BB-483E-B981-0C10B5761D25}.Release|Any CPU.Build.0 = Release|Any CPU
		{B73B2003-55BB-483E-B981-0C10B5761D25}.Release|ARM.ActiveCfg = Release|Any CPU
		{B73B2003-55BB-483E-B981-0C10B5761D25}.Release|ARM.Build.0 = Release|Any CPU
		{B73B2003-55BB-483E-B981-0C10B5761D25}.Release|x64.ActiveCfg = Release|Any CPU
		{B73B2003-55BB-483E-B981-0C10B5761D25}.Release|x64.Build.0 = Release|Any CPU
		{B73B2003-55BB-483E-B981-0C10B5761D25}.Release|x86.ActiveCfg = Release|Any CPU
		{B73B2003-55BB-483E-B981-0C10B5761D25}.Release|x86.Build.0 = Release|Any CPU
		{5DCE658B-F97F-4DE9-A2F7-A10FD5536673}.Debug|Any CPU.ActiveCfg = Debug|Any CPU
		{5DCE658B-F97F-4DE9-A2F7-A10FD5536673}.Debug|Any CPU.Build.0 = Debug|Any CPU
		{5DCE658B-F97F-4DE9-A2F7-A10FD5536673}.Debug|Any CPU.Deploy.0 = Debug|Any CPU
		{5DCE658B-F97F-4DE9-A2F7-A10FD5536673}.Debug|ARM.ActiveCfg = Debug|Any CPU
		{5DCE658B-F97F-4DE9-A2F7-A10FD5536673}.Debug|ARM.Build.0 = Debug|Any CPU
		{5DCE658B-F97F-4DE9-A2F7-A10FD5536673}.Debug|ARM.Deploy.0 = Debug|Any CPU
		{5DCE658B-F97F-4DE9-A2F7-A10FD5536673}.Debug|x64.ActiveCfg = Debug|Any CPU
		{5DCE658B-F97F-4DE9-A2F7-A10FD5536673}.Debug|x64.Build.0 = Debug|Any CPU
		{5DCE658B-F97F-4DE9-A2F7-A10FD5536673}.Debug|x64.Deploy.0 = Debug|Any CPU
		{5DCE658B-F97F-4DE9-A2F7-A10FD5536673}.Debug|x86.ActiveCfg = Debug|Any CPU
		{5DCE658B-F97F-4DE9-A2F7-A10FD5536673}.Debug|x86.Build.0 = Debug|Any CPU
		{5DCE658B-F97F-4DE9-A2F7-A10FD5536673}.Debug|x86.Deploy.0 = Debug|Any CPU
		{5DCE658B-F97F-4DE9-A2F7-A10FD5536673}.Release|Any CPU.ActiveCfg = Release|Any CPU
		{5DCE658B-F97F-4DE9-A2F7-A10FD5536673}.Release|Any CPU.Build.0 = Release|Any CPU
		{5DCE658B-F97F-4DE9-A2F7-A10FD5536673}.Release|Any CPU.Deploy.0 = Release|Any CPU
		{5DCE658B-F97F-4DE9-A2F7-A10FD5536673}.Release|ARM.ActiveCfg = Release|Any CPU
		{5DCE658B-F97F-4DE9-A2F7-A10FD5536673}.Release|ARM.Build.0 = Release|Any CPU
		{5DCE658B-F97F-4DE9-A2F7-A10FD5536673}.Release|ARM.Deploy.0 = Release|Any CPU
		{5DCE658B-F97F-4DE9-A2F7-A10FD5536673}.Release|x64.ActiveCfg = Release|Any CPU
		{5DCE658B-F97F-4DE9-A2F7-A10FD5536673}.Release|x64.Build.0 = Release|Any CPU
		{5DCE658B-F97F-4DE9-A2F7-A10FD5536673}.Release|x64.Deploy.0 = Release|Any CPU
		{5DCE658B-F97F-4DE9-A2F7-A10FD5536673}.Release|x86.ActiveCfg = Release|Any CPU
		{5DCE658B-F97F-4DE9-A2F7-A10FD5536673}.Release|x86.Build.0 = Release|Any CPU
		{5DCE658B-F97F-4DE9-A2F7-A10FD5536673}.Release|x86.Deploy.0 = Release|Any CPU
		{35061DE6-9516-46FD-8E6D-9571D3CB8318}.Debug|Any CPU.ActiveCfg = Debug|x86
		{35061DE6-9516-46FD-8E6D-9571D3CB8318}.Debug|ARM.ActiveCfg = Debug|ARM
		{35061DE6-9516-46FD-8E6D-9571D3CB8318}.Debug|ARM.Build.0 = Debug|ARM
		{35061DE6-9516-46FD-8E6D-9571D3CB8318}.Debug|ARM.Deploy.0 = Debug|ARM
		{35061DE6-9516-46FD-8E6D-9571D3CB8318}.Debug|x64.ActiveCfg = Debug|x64
		{35061DE6-9516-46FD-8E6D-9571D3CB8318}.Debug|x64.Build.0 = Debug|x64
		{35061DE6-9516-46FD-8E6D-9571D3CB8318}.Debug|x64.Deploy.0 = Debug|x64
		{35061DE6-9516-46FD-8E6D-9571D3CB8318}.Debug|x86.ActiveCfg = Debug|x86
		{35061DE6-9516-46FD-8E6D-9571D3CB8318}.Debug|x86.Build.0 = Debug|x86
		{35061DE6-9516-46FD-8E6D-9571D3CB8318}.Debug|x86.Deploy.0 = Debug|x86
		{35061DE6-9516-46FD-8E6D-9571D3CB8318}.Release|Any CPU.ActiveCfg = Release|x86
		{35061DE6-9516-46FD-8E6D-9571D3CB8318}.Release|ARM.ActiveCfg = Release|ARM
		{35061DE6-9516-46FD-8E6D-9571D3CB8318}.Release|ARM.Build.0 = Release|ARM
		{35061DE6-9516-46FD-8E6D-9571D3CB8318}.Release|ARM.Deploy.0 = Release|ARM
		{35061DE6-9516-46FD-8E6D-9571D3CB8318}.Release|x64.ActiveCfg = Release|x64
		{35061DE6-9516-46FD-8E6D-9571D3CB8318}.Release|x64.Build.0 = Release|x64
		{35061DE6-9516-46FD-8E6D-9571D3CB8318}.Release|x64.Deploy.0 = Release|x64
		{35061DE6-9516-46FD-8E6D-9571D3CB8318}.Release|x86.ActiveCfg = Release|x86
		{35061DE6-9516-46FD-8E6D-9571D3CB8318}.Release|x86.Build.0 = Release|x86
		{35061DE6-9516-46FD-8E6D-9571D3CB8318}.Release|x86.Deploy.0 = Release|x86
	EndGlobalSection
	GlobalSection(SolutionProperties) = preSolution
		HideSolutionNode = FALSE
	EndGlobalSection
	GlobalSection(ExtensibilityGlobals) = postSolution
		SolutionGuid = {B310CF1B-7DA6-4709-BD92-25A0D82F24AD}
	EndGlobalSection
EndGlobal
